
Microsoft Visual Studio Solution File, Format Version 12.00
# Visual Studio Version 17
VisualStudioVersion = 17.4.33122.133
MinimumVisualStudioVersion = 10.0.40219.1
Project("{FAE04EC0-301F-11D3-BF4B-00C04F79EFBC}") = "bekle", "bekle.csproj", "{4EA163DC-C172-4C28-B984-F657E7982F51}"
EndProject
Global
	GlobalSection(SolutionConfigurationPlatforms) = preSolution
		Debug|Any CPU = Debug|Any CPU
		Release|Any CPU = Release|Any CPU
	EndGlobalSection
	GlobalSection(ProjectConfigurationPlatforms) = postSolution
		{4EA163DC-C172-4C28-B984-F657E7982F51}.Debug|Any CPU.ActiveCfg = Debug|Any CPU
		{4EA163DC-C172-4C28-B984-F657E7982F51}.Debug|Any CPU.Build.0 = Debug|Any CPU
		{4EA163DC-C172-4C28-B984-F657E7982F51}.Release|Any CPU.ActiveCfg = Release|Any CPU
		{4EA163DC-C172-4C28-B984-F657E7982F51}.Release|Any CPU.Build.0 = Release|Any CPU
	EndGlobalSection
	GlobalSection(SolutionProperties) = preSolution
		HideSolutionNode = FALSE
	EndGlobalSection
	GlobalSection(ExtensibilityGlobals) = postSolution
		SolutionGuid = {7B4B0101-F605-4C2A-9710-476E782E080E}
	EndGlobalSection
EndGlobal
